schema: '2.0'
stages:
  load_data:
    cmd: python src/load_data.py --config=params.yaml
    deps:
    - path: data_given/car_data.csv
      md5: 9dd11acc53504cd88e41fc2d41c98434
      size: 17209
    - path: src/get_data.py
      md5: db7730736da9e3274083bc90eccf7000
      size: 682
    - path: src/load_data.py
      md5: 3b854bedecfd9becf20b141c8bea6530
      size: 758
    outs:
    - path: data/raw/car_data.csv
      md5: b5cfe623f3cba5a7b062bbc96672ecfa
      size: 17275
  preprocessing:
    cmd: python src/preprocessing.py --config=params.yaml
    deps:
    - path: data_given/car_data.csv
      md5: 9dd11acc53504cd88e41fc2d41c98434
      size: 17209
    - path: src/get_data.py
      md5: db7730736da9e3274083bc90eccf7000
      size: 682
    outs:
    - path: data/raw/udatedCar_data.csv
      md5: 33795338580e2c2e34a27aa4853344f2
      size: 8750
  split_data:
    cmd: python src/split_data.py --config=params.yaml
    deps:
    - path: data/raw/udatedCar_data.csv
      md5: 33795338580e2c2e34a27aa4853344f2
      size: 8750
    - path: src/split_data.py
      md5: f64f1a796c0849396c823cee6c3bc553
      size: 1143
    outs:
    - path: data/processed/test_car_data.csv
      md5: c39803ee063cb8bf0e059973c6fe7943
      size: 1877
    - path: data/processed/train_car_data.csv
      md5: 804f822d19cb3d0d512d74fd65c148a5
      size: 7005
  train_and_evaluate:
    cmd: python src/train_and_evaluate.py --config=params.yaml
    deps:
    - path: data/processed/test_car_data.csv
      md5: c39803ee063cb8bf0e059973c6fe7943
      size: 1877
    - path: data/processed/train_car_data.csv
      md5: 804f822d19cb3d0d512d74fd65c148a5
      size: 7005
    - path: src/train_and_evaluate.py
      md5: 9cf452c96d1798f1fee947c29231eac9
      size: 2675
    params:
      params.yaml:
        estimators.ElasticNet.params.alpha: 0.9
        estimators.ElasticNet.params.l1_ratio: 0.4
    outs:
    - path: report/params.json
      md5: a4aab0167612f21a6085dd05cfafdbf6
      size: 44
    - path: report/scores.json
      md5: 2285af27395a86dbaab47f8486200bf1
      size: 97
    - path: saved_models/model.joblib
      md5: 75cad9a759fffd8d3df1486d23b0a448
      size: 794
